
Microsoft Visual Studio Solution File, Format Version 12.00
# Visual Studio 15
Project("{FAE04EC0-301F-11D3-BF4B-00C04F79EFBC}") = "Assembly-CSharp", "Assembly-CSharp.csproj", "{EA31A226-983D-C760-F6F7-DC2F9F77CCE4}"
EndProject
Project("{FAE04EC0-301F-11D3-BF4B-00C04F79EFBC}") = "Assembly-CSharp-Editor", "Assembly-CSharp-Editor.csproj", "{720EB9AA-CDE6-6B86-E7C2-B0809B517A64}"
EndProject
Global
	GlobalSection(SolutionConfigurationPlatforms) = preSolution
		Debug|Any CPU = Debug|Any CPU
		Release|Any CPU = Release|Any CPU
	EndGlobalSection
	GlobalSection(ProjectConfigurationPlatforms) = postSolution
		{EA31A226-983D-C760-F6F7-DC2F9F77CCE4}.Debug|Any CPU.ActiveCfg = Debug|Any CPU
		{EA31A226-983D-C760-F6F7-DC2F9F77CCE4}.Debug|Any CPU.Build.0 = Debug|Any CPU
		{EA31A226-983D-C760-F6F7-DC2F9F77CCE4}.Release|Any CPU.ActiveCfg = Release|Any CPU
		{EA31A226-983D-C760-F6F7-DC2F9F77CCE4}.Release|Any CPU.Build.0 = Release|Any CPU
		{720EB9AA-CDE6-6B86-E7C2-B0809B517A64}.Debug|Any CPU.ActiveCfg = Debug|Any CPU
		{720EB9AA-CDE6-6B86-E7C2-B0809B517A64}.Debug|Any CPU.Build.0 = Debug|Any CPU
		{720EB9AA-CDE6-6B86-E7C2-B0809B517A64}.Release|Any CPU.ActiveCfg = Release|Any CPU
		{720EB9AA-CDE6-6B86-E7C2-B0809B517A64}.Release|Any CPU.Build.0 = Release|Any CPU
	EndGlobalSection
	GlobalSection(SolutionProperties) = preSolution
		HideSolutionNode = FALSE
	EndGlobalSection
EndGlobal
